
Microsoft Visual Studio Solution File, Format Version 12.00
# Visual Studio Version 17
VisualStudioVersion = 17.8.34330.188
MinimumVisualStudioVersion = 10.0.40219.1
Project("{FAE04EC0-301F-11D3-BF4B-00C04F79EFBC}") = "QuickLocal", "QuickLocal.csproj", "{C1D02158-5121-4928-AC8C-F73BA7780C10}"
EndProject
Global
	GlobalSection(SolutionConfigurationPlatforms) = preSolution
		Debug|Any CPU = Debug|Any CPU
		Release|Any CPU = Release|Any CPU
	EndGlobalSection
	GlobalSection(ProjectConfigurationPlatforms) = postSolution
		{C1D02158-5121-4928-AC8C-F73BA7780C10}.Debug|Any CPU.ActiveCfg = Debug|Any CPU
		{C1D02158-5121-4928-AC8C-F73BA7780C10}.Debug|Any CPU.Build.0 = Debug|Any CPU
		{C1D02158-5121-4928-AC8C-F73BA7780C10}.Release|Any CPU.ActiveCfg = Release|Any CPU
		{C1D02158-5121-4928-AC8C-F73BA7780C10}.Release|Any CPU.Build.0 = Release|Any CPU
	EndGlobalSection
	GlobalSection(SolutionProperties) = preSolution
		HideSolutionNode = FALSE
	EndGlobalSection
	GlobalSection(ExtensibilityGlobals) = postSolution
		SolutionGuid = {8391C5B7-C30B-427F-B3BF-91E0D2A2FDAE}
	EndGlobalSection
EndGlobal
